
Microsoft Visual Studio Solution File, Format Version 12.00
# Visual Studio Version 17
VisualStudioVersion = 17.10.34707.107
MinimumVisualStudioVersion = 10.0.40219.1
Project("{9A19103F-16F7-4668-BE54-9A1E7A4F7556}") = "ZicoxPrinter", "ZicoxPrinter\ZicoxPrinter.csproj", "{9B3CEC27-3BFB-45F4-B167-F07B0E418B9C}"
EndProject
Project("{2150E333-8FDC-42A3-9474-1A3956D46DE8}") = "解决方案项", "解决方案项", "{4503BD43-5633-466B-A26E-E7C63FC0F786}"
	ProjectSection(SolutionItems) = preProject
		LICENSE.txt = LICENSE.txt
		README.md = README.md
	EndProjectSection
EndProject
Project("{2150E333-8FDC-42A3-9474-1A3956D46DE8}") = "AndroidLibraryBinding", "AndroidLibraryBinding", "{6B887B08-DA91-4B09-8BC2-011BB2D19EF9}"
EndProject
Project("{9A19103F-16F7-4668-BE54-9A1E7A4F7556}") = "MyBluetoothLibrary", "MyBluetoothLibrary\MyBluetoothLibrary.csproj", "{AB191127-6255-43AA-82F9-EEA391644A2B}"
EndProject
Project("{9A19103F-16F7-4668-BE54-9A1E7A4F7556}") = "MyZpSDK", "MyZpSDK\MyZpSDK.csproj", "{613AD1BB-94B3-45E6-AD7A-AE705067E262}"
EndProject
Project("{2150E333-8FDC-42A3-9474-1A3956D46DE8}") = "Sample", "Sample", "{BB1B1AA2-453E-402E-A417-B39CCC69857E}"
	ProjectSection(SolutionItems) = preProject
		Sample\sample_01.png = Sample\sample_01.png
		Sample\sample_02.png = Sample\sample_02.png
		Sample\sample_03.png = Sample\sample_03.png
		Sample\sample_04.png = Sample\sample_04.png
		Sample\sample_05.png = Sample\sample_05.png
		Sample\sample_06.png = Sample\sample_06.png
		Sample\sample_07.png = Sample\sample_07.png
	EndProjectSection
EndProject
Global
	GlobalSection(SolutionConfigurationPlatforms) = preSolution
		Debug|Any CPU = Debug|Any CPU
		Release|Any CPU = Release|Any CPU
	EndGlobalSection
	GlobalSection(ProjectConfigurationPlatforms) = postSolution
		{9B3CEC27-3BFB-45F4-B167-F07B0E418B9C}.Debug|Any CPU.ActiveCfg = Debug|Any CPU
		{9B3CEC27-3BFB-45F4-B167-F07B0E418B9C}.Debug|Any CPU.Build.0 = Debug|Any CPU
		{9B3CEC27-3BFB-45F4-B167-F07B0E418B9C}.Debug|Any CPU.Deploy.0 = Debug|Any CPU
		{9B3CEC27-3BFB-45F4-B167-F07B0E418B9C}.Release|Any CPU.ActiveCfg = Release|Any CPU
		{9B3CEC27-3BFB-45F4-B167-F07B0E418B9C}.Release|Any CPU.Build.0 = Release|Any CPU
		{9B3CEC27-3BFB-45F4-B167-F07B0E418B9C}.Release|Any CPU.Deploy.0 = Release|Any CPU
		{AB191127-6255-43AA-82F9-EEA391644A2B}.Debug|Any CPU.ActiveCfg = Debug|Any CPU
		{AB191127-6255-43AA-82F9-EEA391644A2B}.Debug|Any CPU.Build.0 = Debug|Any CPU
		{AB191127-6255-43AA-82F9-EEA391644A2B}.Release|Any CPU.ActiveCfg = Release|Any CPU
		{AB191127-6255-43AA-82F9-EEA391644A2B}.Release|Any CPU.Build.0 = Release|Any CPU
		{613AD1BB-94B3-45E6-AD7A-AE705067E262}.Debug|Any CPU.ActiveCfg = Debug|Any CPU
		{613AD1BB-94B3-45E6-AD7A-AE705067E262}.Debug|Any CPU.Build.0 = Debug|Any CPU
		{613AD1BB-94B3-45E6-AD7A-AE705067E262}.Release|Any CPU.ActiveCfg = Release|Any CPU
		{613AD1BB-94B3-45E6-AD7A-AE705067E262}.Release|Any CPU.Build.0 = Release|Any CPU
	EndGlobalSection
	GlobalSection(SolutionProperties) = preSolution
		HideSolutionNode = FALSE
	EndGlobalSection
	GlobalSection(NestedProjects) = preSolution
		{AB191127-6255-43AA-82F9-EEA391644A2B} = {6B887B08-DA91-4B09-8BC2-011BB2D19EF9}
		{613AD1BB-94B3-45E6-AD7A-AE705067E262} = {6B887B08-DA91-4B09-8BC2-011BB2D19EF9}
		{BB1B1AA2-453E-402E-A417-B39CCC69857E} = {4503BD43-5633-466B-A26E-E7C63FC0F786}
	EndGlobalSection
	GlobalSection(ExtensibilityGlobals) = postSolution
		SolutionGuid = {A7330560-2766-42C3-A299-0A410CFEA488}
	EndGlobalSection
EndGlobal
